<?xml version="1.0" encoding="utf-8"?>
<Project ToolsVersion="4.0" xmlns="http://schemas.microsoft.com/developer/msbuild/2003">
  <ItemGroup>
    <Filter Include="splitter_impl">
      <UniqueIdentifier>{f4e0aceb-3740-4e8f-bd8e-51931705eb44}</UniqueIdentifier>
    </Filter>
    <Filter Include="splitter_interface">
      <UniqueIdentifier>{08c598dc-72d6-4d00-b704-7e1f3da6a985}</UniqueIdentifier>
    </Filter>
    <Filter Include="splitter_console">
      <UniqueIdentifier>{c1a9e56c-a3e8-495d-b007-44eb61c956f3}</UniqueIdentifier>
    </Filter>
    <Filter Include="buffer_client">
      <UniqueIdentifier>{e545b92f-eccb-4128-9d08-b9fccbc735ed}</UniqueIdentifier>
    </Filter>
    <Filter Include="timer_interrupt">
      <UniqueIdentifier>{1489bfe9-a80a-4f97-831d-fad10bbee104}</UniqueIdentifier>
    </Filter>
  </ItemGroup>
  <ItemGroup>
    <ClCompile Include="splitter_impl.cpp">
      <Filter>splitter_impl</Filter>
    </ClCompile>
    <ClCompile Include="splitter_console.cpp">
      <Filter>splitter_console</Filter>
    </ClCompile>
  </ItemGroup>
  <ItemGroup>
    <ClInclude Include="splitter_impl.h">
      <Filter>splitter_impl</Filter>
    </ClInclude>
    <ClInclude Include="splitter_interface.h">
      <Filter>splitter_interface</Filter>
    </ClInclude>
    <ClInclude Include="buffer_client.h">
      <Filter>buffer_client</Filter>
    </ClInclude>
    <ClInclude Include="timer_interrupt.h">
      <Filter>timer_interrupt</Filter>
    </ClInclude>
  </ItemGroup>
</Project>